
Microsoft Visual Studio Solution File, Format Version 12.00
# Visual Studio Version 16
VisualStudioVersion = 16.0.30907.101
MinimumVisualStudioVersion = 10.0.40219.1
Project("{FAE04EC0-301F-11D3-BF4B-00C04F79EFBC}") = "ConsumoMicroservicios2", "ConsumoMicroservicios2\ConsumoMicroservicios2.csproj", "{E1AADE04-DC69-4E5F-83BF-B26E4DEEE57B}"
EndProject
Global
	GlobalSection(SolutionConfigurationPlatforms) = preSolution
		Debug|Any CPU = Debug|Any CPU
		Release|Any CPU = Release|Any CPU
	EndGlobalSection
	GlobalSection(ProjectConfigurationPlatforms) = postSolution
		{E1AADE04-DC69-4E5F-83BF-B26E4DEEE57B}.Debug|Any CPU.ActiveCfg = Debug|Any CPU
		{E1AADE04-DC69-4E5F-83BF-B26E4DEEE57B}.Debug|Any CPU.Build.0 = Debug|Any CPU
		{E1AADE04-DC69-4E5F-83BF-B26E4DEEE57B}.Release|Any CPU.ActiveCfg = Release|Any CPU
		{E1AADE04-DC69-4E5F-83BF-B26E4DEEE57B}.Release|Any CPU.Build.0 = Release|Any CPU
	EndGlobalSection
	GlobalSection(SolutionProperties) = preSolution
		HideSolutionNode = FALSE
	EndGlobalSection
	GlobalSection(ExtensibilityGlobals) = postSolution
		SolutionGuid = {A0B83CC7-4519-4447-BCE1-5439A80027D8}
	EndGlobalSection
EndGlobal
